
Microsoft Visual Studio Solution File, Format Version 12.00
# Visual Studio Version 16
VisualStudioVersion = 16.0.29215.179
MinimumVisualStudioVersion = 10.0.40219.1
Project("{FAE04EC0-301F-11D3-BF4B-00C04F79EFBC}") = "Lab1", "Lab1\Lab1.csproj", "{6B11DA5D-28D1-41B8-9907-7CC41DD190B1}"
EndProject
Project("{FAE04EC0-301F-11D3-BF4B-00C04F79EFBC}") = "Lab1.Tests", "Lab1.Tests\Lab1.Tests.csproj", "{5BC681A8-C7E2-48FB-8C64-D54CEDE26CB4}"
EndProject
Global
	GlobalSection(SolutionConfigurationPlatforms) = preSolution
		Debug|Any CPU = Debug|Any CPU
		Release|Any CPU = Release|Any CPU
	EndGlobalSection
	GlobalSection(ProjectConfigurationPlatforms) = postSolution
		{6B11DA5D-28D1-41B8-9907-7CC41DD190B1}.Debug|Any CPU.ActiveCfg = Debug|Any CPU
		{6B11DA5D-28D1-41B8-9907-7CC41DD190B1}.Debug|Any CPU.Build.0 = Debug|Any CPU
		{6B11DA5D-28D1-41B8-9907-7CC41DD190B1}.Release|Any CPU.ActiveCfg = Release|Any CPU
		{6B11DA5D-28D1-41B8-9907-7CC41DD190B1}.Release|Any CPU.Build.0 = Release|Any CPU
		{5BC681A8-C7E2-48FB-8C64-D54CEDE26CB4}.Debug|Any CPU.ActiveCfg = Debug|Any CPU
		{5BC681A8-C7E2-48FB-8C64-D54CEDE26CB4}.Debug|Any CPU.Build.0 = Debug|Any CPU
		{5BC681A8-C7E2-48FB-8C64-D54CEDE26CB4}.Release|Any CPU.ActiveCfg = Release|Any CPU
		{5BC681A8-C7E2-48FB-8C64-D54CEDE26CB4}.Release|Any CPU.Build.0 = Release|Any CPU
	EndGlobalSection
	GlobalSection(SolutionProperties) = preSolution
		HideSolutionNode = FALSE
	EndGlobalSection
	GlobalSection(ExtensibilityGlobals) = postSolution
		SolutionGuid = {6E84C23D-F407-4790-AB95-C84AE0C7248E}
	EndGlobalSection
EndGlobal
